// !$*UTF8*$!
{
	archiveVersion = 1;
	classes = {
	};
	objectVersion = 77;
	objects = {

/* Begin PBXBuildFile section */
		DE210A8E2D0B5B2B00B66580 /* PracticeModeView.swift in Sources */ = {isa = PBXBuildFile; fileRef = DE210A8D2D0B5B2B00B66580 /* PracticeModeView.swift */; };
		DE5A35272CFB26FE00418C33 /* Configuration.storekit in Resources */ = {isa = PBXBuildFile; fileRef = DE5A35262CFB26FE00418C33 /* Configuration.storekit */; };
		DE7E877C2D00C5730095BBB4 /* Aircraft.swift in Sources */ = {isa = PBXBuildFile; fileRef = DE7E875B2D00C5730095BBB4 /* Aircraft.swift */; };
		DE7E877D2D00C5730095BBB4 /* Word.swift in Sources */ = {isa = PBXBuildFile; fileRef = DE7E87752D00C5730095BBB4 /* Word.swift */; };
		DE7E877E2D00C5730095BBB4 /* ListRowView.swift in Sources */ = {isa = PBXBuildFile; fileRef = DE7E876C2D00C5730095BBB4 /* ListRowView.swift */; };
		DE7E87802D00C5730095BBB4 /* StoreManager.swift in Sources */ = {isa = PBXBuildFile; fileRef = DE7E87732D00C5730095BBB4 /* StoreManager.swift */; };
		DE7E87812D00C5730095BBB4 /* StoreView.swift in Sources */ = {isa = PBXBuildFile; fileRef = DE7E87742D00C5730095BBB4 /* StoreView.swift */; };
		DE7E87822D00C5730095BBB4 /* Yds.swift in Sources */ = {isa = PBXBuildFile; fileRef = DE7E877A2D00C5730095BBB4 /* Yds.swift */; };
		DE7E87832D00C5730095BBB4 /* Elementary.swift in Sources */ = {isa = PBXBuildFile; fileRef = DE7E87642D00C5730095BBB4 /* Elementary.swift */; };
		DE7E87842D00C5730095BBB4 /* LevelButton.swift in Sources */ = {isa = PBXBuildFile; fileRef = DE7E876B2D00C5730095BBB4 /* LevelButton.swift */; };
		DE7E87852D00C5730095BBB4 /* ContentView.swift in Sources */ = {isa = PBXBuildFile; fileRef = DE7E87632D00C5730095BBB4 /* ContentView.swift */; };
		DE7E87862D00C5730095BBB4 /* Advanced.swift in Sources */ = {isa = PBXBuildFile; fileRef = DE7E875A2D00C5730095BBB4 /* Advanced.swift */; };
		DE7E87872D00C5730095BBB4 /* StatisticsView.swift in Sources */ = {isa = PBXBuildFile; fileRef = DE7E87712D00C5730095BBB4 /* StatisticsView.swift */; };
		DE7E878A2D00C5730095BBB4 /* WordData.swift in Sources */ = {isa = PBXBuildFile; fileRef = DE7E87762D00C5730095BBB4 /* WordData.swift */; };
		DE7E878B2D00C5730095BBB4 /* OnboardingView.swift in Sources */ = {isa = PBXBuildFile; fileRef = DE7E876E2D00C5730095BBB4 /* OnboardingView.swift */; };
		DE7E878C2D00C5730095BBB4 /* WordListView.swift in Sources */ = {isa = PBXBuildFile; fileRef = DE7E87772D00C5730095BBB4 /* WordListView.swift */; };
		DE7E878D2D00C5730095BBB4 /* Beginner.swift in Sources */ = {isa = PBXBuildFile; fileRef = DE7E875E2D00C5730095BBB4 /* Beginner.swift */; };
		DE7E878E2D00C5730095BBB4 /* LearnWordApp.swift in Sources */ = {isa = PBXBuildFile; fileRef = DE7E876A2D00C5730095BBB4 /* LearnWordApp.swift */; };
		DE7E878F2D00C5730095BBB4 /* EmptyStateView.swift in Sources */ = {isa = PBXBuildFile; fileRef = DE7E87652D00C5730095BBB4 /* EmptyStateView.swift */; };
		DE7E87922D00C5730095BBB4 /* WordTag.swift in Sources */ = {isa = PBXBuildFile; fileRef = DE7E87792D00C5730095BBB4 /* WordTag.swift */; };
		DE7E87932D00C5730095BBB4 /* CardView.swift in Sources */ = {isa = PBXBuildFile; fileRef = DE7E87602D00C5730095BBB4 /* CardView.swift */; };
		DE7E87942D00C5730095BBB4 /* Statistics.swift in Sources */ = {isa = PBXBuildFile; fileRef = DE7E87702D00C5730095BBB4 /* Statistics.swift */; };
		DE7E87952D00C5730095BBB4 /* HomeView.swift in Sources */ = {isa = PBXBuildFile; fileRef = DE7E87672D00C5730095BBB4 /* HomeView.swift */; };
		DE7E87962D00C5730095BBB4 /* Intermediate.swift in Sources */ = {isa = PBXBuildFile; fileRef = DE7E87692D00C5730095BBB4 /* Intermediate.swift */; };
		DE7E87972D00C5730095BBB4 /* StoreKitManager.swift in Sources */ = {isa = PBXBuildFile; fileRef = DE7E87722D00C5730095BBB4 /* StoreKitManager.swift */; };
		DE7E87982D00C5730095BBB4 /* Localizable.xcstrings in Resources */ = {isa = PBXBuildFile; fileRef = DE7E876D2D00C5730095BBB4 /* Localizable.xcstrings */; };
		DE7E87992D00C5730095BBB4 /* Assets.xcassets in Resources */ = {isa = PBXBuildFile; fileRef = DE7E875D2D00C5730095BBB4 /* Assets.xcassets */; };
		DE7E87A62D00CC510095BBB4 /* CardFace.swift in Sources */ = {isa = PBXBuildFile; fileRef = DE7E87A52D00CC510095BBB4 /* CardFace.swift */; };
		DED371EF2D00DC2300EFC716 /* SettingsView.swift in Sources */ = {isa = PBXBuildFile; fileRef = DED371EE2D00DC2300EFC716 /* SettingsView.swift */; };
/* End PBXBuildFile section */

/* Begin PBXFileReference section */
		DE210A8D2D0B5B2B00B66580 /* PracticeModeView.swift */ = {isa = PBXFileReference; lastKnownFileType = sourcecode.swift; path = PracticeModeView.swift; sourceTree = "<group>"; };
		DE274F072D020AF000727F17 /* Info.plist */ = {isa = PBXFileReference; lastKnownFileType = text.plist; path = Info.plist; sourceTree = "<group>"; };
		DE507DA52CFC3D63002805CE /* LearnWord.app */ = {isa = PBXFileReference; explicitFileType = wrapper.application; includeInIndex = 0; path = LearnWord.app; sourceTree = BUILT_PRODUCTS_DIR; };
		DE5A35262CFB26FE00418C33 /* Configuration.storekit */ = {isa = PBXFileReference; lastKnownFileType = text; path = Configuration.storekit; sourceTree = "<group>"; };
		DE7E875A2D00C5730095BBB4 /* Advanced.swift */ = {isa = PBXFileReference; lastKnownFileType = sourcecode.swift; path = Advanced.swift; sourceTree = "<group>"; };
		DE7E875B2D00C5730095BBB4 /* Aircraft.swift */ = {isa = PBXFileReference; lastKnownFileType = sourcecode.swift; path = Aircraft.swift; sourceTree = "<group>"; };
		DE7E875D2D00C5730095BBB4 /* Assets.xcassets */ = {isa = PBXFileReference; lastKnownFileType = folder.assetcatalog; path = Assets.xcassets; sourceTree = "<group>"; };
		DE7E875E2D00C5730095BBB4 /* Beginner.swift */ = {isa = PBXFileReference; lastKnownFileType = sourcecode.swift; path = Beginner.swift; sourceTree = "<group>"; };
		DE7E87602D00C5730095BBB4 /* CardView.swift */ = {isa = PBXFileReference; lastKnownFileType = sourcecode.swift; path = CardView.swift; sourceTree = "<group>"; };
		DE7E87632D00C5730095BBB4 /* ContentView.swift */ = {isa = PBXFileReference; lastKnownFileType = sourcecode.swift; path = ContentView.swift; sourceTree = "<group>"; };
		DE7E87642D00C5730095BBB4 /* Elementary.swift */ = {isa = PBXFileReference; lastKnownFileType = sourcecode.swift; path = Elementary.swift; sourceTree = "<group>"; };
		DE7E87652D00C5730095BBB4 /* EmptyStateView.swift */ = {isa = PBXFileReference; lastKnownFileType = sourcecode.swift; path = EmptyStateView.swift; sourceTree = "<group>"; };
		DE7E87672D00C5730095BBB4 /* HomeView.swift */ = {isa = PBXFileReference; lastKnownFileType = sourcecode.swift; path = HomeView.swift; sourceTree = "<group>"; };
		DE7E87692D00C5730095BBB4 /* Intermediate.swift */ = {isa = PBXFileReference; lastKnownFileType = sourcecode.swift; path = Intermediate.swift; sourceTree = "<group>"; };
		DE7E876A2D00C5730095BBB4 /* LearnWordApp.swift */ = {isa = PBXFileReference; lastKnownFileType = sourcecode.swift; path = LearnWordApp.swift; sourceTree = "<group>"; };
		DE7E876B2D00C5730095BBB4 /* LevelButton.swift */ = {isa = PBXFileReference; lastKnownFileType = sourcecode.swift; path = LevelButton.swift; sourceTree = "<group>"; };
		DE7E876C2D00C5730095BBB4 /* ListRowView.swift */ = {isa = PBXFileReference; lastKnownFileType = sourcecode.swift; path = ListRowView.swift; sourceTree = "<group>"; };
		DE7E876D2D00C5730095BBB4 /* Localizable.xcstrings */ = {isa = PBXFileReference; lastKnownFileType = text.json.xcstrings; path = Localizable.xcstrings; sourceTree = "<group>"; };
		DE7E876E2D00C5730095BBB4 /* OnboardingView.swift */ = {isa = PBXFileReference; lastKnownFileType = sourcecode.swift; path = OnboardingView.swift; sourceTree = "<group>"; };
		DE7E87702D00C5730095BBB4 /* Statistics.swift */ = {isa = PBXFileReference; lastKnownFileType = sourcecode.swift; path = Statistics.swift; sourceTree = "<group>"; };
		DE7E87712D00C5730095BBB4 /* StatisticsView.swift */ = {isa = PBXFileReference; lastKnownFileType = sourcecode.swift; path = StatisticsView.swift; sourceTree = "<group>"; };
		DE7E87722D00C5730095BBB4 /* StoreKitManager.swift */ = {isa = PBXFileReference; lastKnownFileType = sourcecode.swift; path = StoreKitManager.swift; sourceTree = "<group>"; };
		DE7E87732D00C5730095BBB4 /* StoreManager.swift */ = {isa = PBXFileReference; lastKnownFileType = sourcecode.swift; path = StoreManager.swift; sourceTree = "<group>"; };
		DE7E87742D00C5730095BBB4 /* StoreView.swift */ = {isa = PBXFileReference; lastKnownFileType = sourcecode.swift; path = StoreView.swift; sourceTree = "<group>"; };
		DE7E87752D00C5730095BBB4 /* Word.swift */ = {isa = PBXFileReference; lastKnownFileType = sourcecode.swift; path = Word.swift; sourceTree = "<group>"; };
		DE7E87762D00C5730095BBB4 /* WordData.swift */ = {isa = PBXFileReference; lastKnownFileType = sourcecode.swift; path = WordData.swift; sourceTree = "<group>"; };
		DE7E87772D00C5730095BBB4 /* WordListView.swift */ = {isa = PBXFileReference; lastKnownFileType = sourcecode.swift; path = WordListView.swift; sourceTree = "<group>"; };
		DE7E87792D00C5730095BBB4 /* WordTag.swift */ = {isa = PBXFileReference; lastKnownFileType = sourcecode.swift; path = WordTag.swift; sourceTree = "<group>"; };
		DE7E877A2D00C5730095BBB4 /* Yds.swift */ = {isa = PBXFileReference; lastKnownFileType = sourcecode.swift; path = Yds.swift; sourceTree = "<group>"; };
		DE7E87A52D00CC510095BBB4 /* CardFace.swift */ = {isa = PBXFileReference; lastKnownFileType = sourcecode.swift; path = CardFace.swift; sourceTree = "<group>"; };
		DED371EE2D00DC2300EFC716 /* SettingsView.swift */ = {isa = PBXFileReference; lastKnownFileType = sourcecode.swift; path = SettingsView.swift; sourceTree = "<group>"; };
/* End PBXFileReference section */

/* Begin PBXFileSystemSynchronizedRootGroup section */
		DE7E879E2D00CA620095BBB4 /* .Preview Content */ = {
			isa = PBXFileSystemSynchronizedRootGroup;
			path = ".Preview Content";
			sourceTree = "<group>";
		};
		DE7E87AB2D00D08C0095BBB4 /* Tips */ = {
			isa = PBXFileSystemSynchronizedRootGroup;
			path = Tips;
			sourceTree = "<group>";
		};
/* End PBXFileSystemSynchronizedRootGroup section */

/* Begin PBXFrameworksBuildPhase section */
		DE8AF7EB2CF8C84700B8EBBC /* Frameworks */ = {
			isa = PBXFrameworksBuildPhase;
			buildActionMask = 2147483647;
			files = (
			);
			runOnlyForDeploymentPostprocessing = 0;
		};
/* End PBXFrameworksBuildPhase section */

/* Begin PBXGroup section */
		DE210A912D0B5C6600B66580 /* PracticeView */ = {
			isa = PBXGroup;
			children = (
				DE210A8D2D0B5B2B00B66580 /* PracticeModeView.swift */,
			);
			path = PracticeView;
			sourceTree = "<group>";
		};
		DE210A922D0B5C8D00B66580 /* SettingsView */ = {
			isa = PBXGroup;
			children = (
				DED371EE2D00DC2300EFC716 /* SettingsView.swift */,
			);
			path = SettingsView;
			sourceTree = "<group>";
		};
		DE7E87552D00C5730095BBB4 /* Components */ = {
			isa = PBXGroup;
			children = (
				DE7E87A52D00CC510095BBB4 /* CardFace.swift */,
				DE7E87602D00C5730095BBB4 /* CardView.swift */,
				DE7E87652D00C5730095BBB4 /* EmptyStateView.swift */,
				DE7E876B2D00C5730095BBB4 /* LevelButton.swift */,
				DE7E876C2D00C5730095BBB4 /* ListRowView.swift */,
				DE7E87742D00C5730095BBB4 /* StoreView.swift */,
			);
			path = Components;
			sourceTree = "<group>";
		};
		DE7E87562D00C5730095BBB4 /* Data */ = {
			isa = PBXGroup;
			children = (
				DE7E875E2D00C5730095BBB4 /* Beginner.swift */,
				DE7E87642D00C5730095BBB4 /* Elementary.swift */,
				DE7E875B2D00C5730095BBB4 /* Aircraft.swift */,
				DE7E87692D00C5730095BBB4 /* Intermediate.swift */,
				DE7E877A2D00C5730095BBB4 /* Yds.swift */,
				DE7E875A2D00C5730095BBB4 /* Advanced.swift */,
			);
			path = Data;
			sourceTree = "<group>";
		};
		DE7E87572D00C5730095BBB4 /* Managers */ = {
			isa = PBXGroup;
			children = (
				DE7E87722D00C5730095BBB4 /* StoreKitManager.swift */,
				DE7E87732D00C5730095BBB4 /* StoreManager.swift */,
			);
			path = Managers;
			sourceTree = "<group>";
		};
		DE7E87582D00C5730095BBB4 /* Models */ = {
			isa = PBXGroup;
			children = (
				DE7E87702D00C5730095BBB4 /* Statistics.swift */,
				DE7E87752D00C5730095BBB4 /* Word.swift */,
				DE7E87762D00C5730095BBB4 /* WordData.swift */,
				DE7E87792D00C5730095BBB4 /* WordTag.swift */,
			);
			path = Models;
			sourceTree = "<group>";
		};
		DE7E87592D00C5730095BBB4 /* Views */ = {
			isa = PBXGroup;
			children = (
				DE210A922D0B5C8D00B66580 /* SettingsView */,
				DE210A912D0B5C6600B66580 /* PracticeView */,
				DE7E87552D00C5730095BBB4 /* Components */,
				DE7E876E2D00C5730095BBB4 /* OnboardingView.swift */,
				DE7E87712D00C5730095BBB4 /* StatisticsView.swift */,
				DE7E87772D00C5730095BBB4 /* WordListView.swift */,
				DE7E87672D00C5730095BBB4 /* HomeView.swift */,
			);
			path = Views;
			sourceTree = "<group>";
		};
		DE7E877B2D00C5730095BBB4 /* LearnWord */ = {
			isa = PBXGroup;
			children = (
				DE274F072D020AF000727F17 /* Info.plist */,
				DE7E87632D00C5730095BBB4 /* ContentView.swift */,
				DE7E876A2D00C5730095BBB4 /* LearnWordApp.swift */,
				DE7E875D2D00C5730095BBB4 /* Assets.xcassets */,
				DE7E876D2D00C5730095BBB4 /* Localizable.xcstrings */,
				DE7E879E2D00CA620095BBB4 /* .Preview Content */,
				DE7E87562D00C5730095BBB4 /* Data */,
				DE7E87572D00C5730095BBB4 /* Managers */,
				DE7E87582D00C5730095BBB4 /* Models */,
				DE7E87AB2D00D08C0095BBB4 /* Tips */,
				DE7E87592D00C5730095BBB4 /* Views */,
			);
			path = LearnWord;
			sourceTree = "<group>";
		};
		DE8AF7E52CF8C84700B8EBBC = {
			isa = PBXGroup;
			children = (
				DE5A35262CFB26FE00418C33 /* Configuration.storekit */,
				DE7E877B2D00C5730095BBB4 /* LearnWord */,
				DE507DA52CFC3D63002805CE /* LearnWord.app */,
			);
			sourceTree = "<group>";
		};
/* End PBXGroup section */

/* Begin PBXNativeTarget section */
		DE8AF7ED2CF8C84700B8EBBC /* LearnWord */ = {
			isa = PBXNativeTarget;
			buildConfigurationList = DE8AF7FC2CF8C84900B8EBBC /* Build configuration list for PBXNativeTarget "LearnWord" */;
			buildPhases = (
				DE8AF7EA2CF8C84700B8EBBC /* Sources */,
				DE8AF7EB2CF8C84700B8EBBC /* Frameworks */,
				DE8AF7EC2CF8C84700B8EBBC /* Resources */,
			);
			buildRules = (
			);
			dependencies = (
			);
			fileSystemSynchronizedGroups = (
				DE7E879E2D00CA620095BBB4 /* .Preview Content */,
				DE7E87AB2D00D08C0095BBB4 /* Tips */,
			);
			name = LearnWord;
			packageProductDependencies = (
			);
			productName = LearnWord;
			productReference = DE507DA52CFC3D63002805CE /* LearnWord.app */;
			productType = "com.apple.product-type.application";
		};
/* End PBXNativeTarget section */

/* Begin PBXProject section */
		DE8AF7E62CF8C84700B8EBBC /* Project object */ = {
			isa = PBXProject;
			attributes = {
				BuildIndependentTargetsInParallel = 1;
				LastSwiftUpdateCheck = 1610;
				LastUpgradeCheck = 1610;
				TargetAttributes = {
					DE8AF7ED2CF8C84700B8EBBC = {
						CreatedOnToolsVersion = 16.1;
					};
				};
			};
			buildConfigurationList = DE8AF7E92CF8C84700B8EBBC /* Build configuration list for PBXProject "LearnWord" */;
			developmentRegion = en;
			hasScannedForEncodings = 0;
			knownRegions = (
				en,
				Base,
				tr,
			);
			mainGroup = DE8AF7E52CF8C84700B8EBBC;
			minimizedProjectReferenceProxies = 1;
			preferredProjectObjectVersion = 77;
			productRefGroup = DE8AF7E52CF8C84700B8EBBC;
			projectDirPath = "";
			projectRoot = "";
			targets = (
				DE8AF7ED2CF8C84700B8EBBC /* LearnWord */,
			);
		};
/* End PBXProject section */

/* Begin PBXResourcesBuildPhase section */
		DE8AF7EC2CF8C84700B8EBBC /* Resources */ = {
			isa = PBXResourcesBuildPhase;
			buildActionMask = 2147483647;
			files = (
				DE5A35272CFB26FE00418C33 /* Configuration.storekit in Resources */,
				DE7E87982D00C5730095BBB4 /* Localizable.xcstrings in Resources */,
				DE7E87992D00C5730095BBB4 /* Assets.xcassets in Resources */,
			);
			runOnlyForDeploymentPostprocessing = 0;
		};
/* End PBXResourcesBuildPhase section */

/* Begin PBXSourcesBuildPhase section */
		DE8AF7EA2CF8C84700B8EBBC /* Sources */ = {
			isa = PBXSourcesBuildPhase;
			buildActionMask = 2147483647;
			files = (
				DE7E877C2D00C5730095BBB4 /* Aircraft.swift in Sources */,
				DE7E877D2D00C5730095BBB4 /* Word.swift in Sources */,
				DE7E87A62D00CC510095BBB4 /* CardFace.swift in Sources */,
				DE7E877E2D00C5730095BBB4 /* ListRowView.swift in Sources */,
				DE7E87802D00C5730095BBB4 /* StoreManager.swift in Sources */,
				DE7E87812D00C5730095BBB4 /* StoreView.swift in Sources */,
				DE7E87822D00C5730095BBB4 /* Yds.swift in Sources */,
				DE7E87832D00C5730095BBB4 /* Elementary.swift in Sources */,
				DE7E87842D00C5730095BBB4 /* LevelButton.swift in Sources */,
				DE7E87852D00C5730095BBB4 /* ContentView.swift in Sources */,
				DE7E87862D00C5730095BBB4 /* Advanced.swift in Sources */,
				DE210A8E2D0B5B2B00B66580 /* PracticeModeView.swift in Sources */,
				DE7E87872D00C5730095BBB4 /* StatisticsView.swift in Sources */,
				DE7E878A2D00C5730095BBB4 /* WordData.swift in Sources */,
				DE7E878B2D00C5730095BBB4 /* OnboardingView.swift in Sources */,
				DE7E878C2D00C5730095BBB4 /* WordListView.swift in Sources */,
				DE7E878D2D00C5730095BBB4 /* Beginner.swift in Sources */,
				DE7E878E2D00C5730095BBB4 /* LearnWordApp.swift in Sources */,
				DE7E878F2D00C5730095BBB4 /* EmptyStateView.swift in Sources */,
				DED371EF2D00DC2300EFC716 /* SettingsView.swift in Sources */,
				DE7E87922D00C5730095BBB4 /* WordTag.swift in Sources */,
				DE7E87932D00C5730095BBB4 /* CardView.swift in Sources */,
				DE7E87942D00C5730095BBB4 /* Statistics.swift in Sources */,
				DE7E87952D00C5730095BBB4 /* HomeView.swift in Sources */,
				DE7E87962D00C5730095BBB4 /* Intermediate.swift in Sources */,
				DE7E87972D00C5730095BBB4 /* StoreKitManager.swift in Sources */,
			);
			runOnlyForDeploymentPostprocessing = 0;
		};
/* End PBXSourcesBuildPhase section */

/* Begin XCBuildConfiguration section */
		DE8AF7FA2CF8C84900B8EBBC /* Debug */ = {
			isa = XCBuildConfiguration;
			buildSettings = {
				ALWAYS_SEARCH_USER_PATHS = NO;
				ASSETCATALOG_COMPILER_GENERATE_SWIFT_ASSET_SYMBOL_EXTENSIONS = YES;
				CLANG_ANALYZER_NONNULL = YES;
				CLANG_ANALYZER_NUMBER_OBJECT_CONVERSION = YES_AGGRESSIVE;
				CLANG_CXX_LANGUAGE_STANDARD = "gnu++20";
				CLANG_ENABLE_MODULES = YES;
				CLANG_ENABLE_OBJC_ARC = YES;
				CLANG_ENABLE_OBJC_WEAK = YES;
				CLANG_WARN_BLOCK_CAPTURE_AUTORELEASING = YES;
				CLANG_WARN_BOOL_CONVERSION = YES;
				CLANG_WARN_COMMA = YES;
				CLANG_WARN_CONSTANT_CONVERSION = YES;
				CLANG_WARN_DEPRECATED_OBJC_IMPLEMENTATIONS = YES;
				CLANG_WARN_DIRECT_OBJC_ISA_USAGE = YES_ERROR;
				CLANG_WARN_DOCUMENTATION_COMMENTS = YES;
				CLANG_WARN_EMPTY_BODY = YES;
				CLANG_WARN_ENUM_CONVERSION = YES;
				CLANG_WARN_INFINITE_RECURSION = YES;
				CLANG_WARN_INT_CONVERSION = YES;
				CLANG_WARN_NON_LITERAL_NULL_CONVERSION = YES;
				CLANG_WARN_OBJC_IMPLICIT_RETAIN_SELF = YES;
				CLANG_WARN_OBJC_LITERAL_CONVERSION = YES;
				CLANG_WARN_OBJC_ROOT_CLASS = YES_ERROR;
				CLANG_WARN_QUOTED_INCLUDE_IN_FRAMEWORK_HEADER = YES;
				CLANG_WARN_RANGE_LOOP_ANALYSIS = YES;
				CLANG_WARN_STRICT_PROTOTYPES = YES;
				CLANG_WARN_SUSPICIOUS_MOVE = YES;
				CLANG_WARN_UNGUARDED_AVAILABILITY = YES_AGGRESSIVE;
				CLANG_WARN_UNREACHABLE_CODE = YES;
				CLANG_WARN__DUPLICATE_METHOD_MATCH = YES;
				COPY_PHASE_STRIP = NO;
				DEBUG_INFORMATION_FORMAT = dwarf;
				ENABLE_STRICT_OBJC_MSGSEND = YES;
				ENABLE_TESTABILITY = YES;
				ENABLE_USER_SCRIPT_SANDBOXING = YES;
				GCC_C_LANGUAGE_STANDARD = gnu17;
				GCC_DYNAMIC_NO_PIC = NO;
				GCC_NO_COMMON_BLOCKS = YES;
				GCC_OPTIMIZATION_LEVEL = 0;
				GCC_PREPROCESSOR_DEFINITIONS = (
					"DEBUG=1",
					"$(inherited)",
				);
				GCC_WARN_64_TO_32_BIT_CONVERSION = YES;
				GCC_WARN_ABOUT_RETURN_TYPE = YES_ERROR;
				GCC_WARN_UNDECLARED_SELECTOR = YES;
				GCC_WARN_UNINITIALIZED_AUTOS = YES_AGGRESSIVE;
				GCC_WARN_UNUSED_FUNCTION = YES;
				GCC_WARN_UNUSED_VARIABLE = YES;
				IPHONEOS_DEPLOYMENT_TARGET = 18.1;
				LOCALIZATION_PREFERS_STRING_CATALOGS = YES;
				MTL_ENABLE_DEBUG_INFO = INCLUDE_SOURCE;
				MTL_FAST_MATH = YES;
				ONLY_ACTIVE_ARCH = YES;
				SDKROOT = iphoneos;
				SWIFT_ACTIVE_COMPILATION_CONDITIONS = "DEBUG $(inherited)";
				SWIFT_EMIT_LOC_STRINGS = YES;
				SWIFT_OPTIMIZATION_LEVEL = "-Onone";
			};
			name = Debug;
		};
		DE8AF7FB2CF8C84900B8EBBC /* Release */ = {
			isa = XCBuildConfiguration;
			buildSettings = {
				ALWAYS_SEARCH_USER_PATHS = NO;
				ASSETCATALOG_COMPILER_GENERATE_SWIFT_ASSET_SYMBOL_EXTENSIONS = YES;
				CLANG_ANALYZER_NONNULL = YES;
				CLANG_ANALYZER_NUMBER_OBJECT_CONVERSION = YES_AGGRESSIVE;
				CLANG_CXX_LANGUAGE_STANDARD = "gnu++20";
				CLANG_ENABLE_MODULES = YES;
				CLANG_ENABLE_OBJC_ARC = YES;
				CLANG_ENABLE_OBJC_WEAK = YES;
				CLANG_WARN_BLOCK_CAPTURE_AUTORELEASING = YES;
				CLANG_WARN_BOOL_CONVERSION = YES;
				CLANG_WARN_COMMA = YES;
				CLANG_WARN_CONSTANT_CONVERSION = YES;
				CLANG_WARN_DEPRECATED_OBJC_IMPLEMENTATIONS = YES;
				CLANG_WARN_DIRECT_OBJC_ISA_USAGE = YES_ERROR;
				CLANG_WARN_DOCUMENTATION_COMMENTS = YES;
				CLANG_WARN_EMPTY_BODY = YES;
				CLANG_WARN_ENUM_CONVERSION = YES;
				CLANG_WARN_INFINITE_RECURSION = YES;
				CLANG_WARN_INT_CONVERSION = YES;
				CLANG_WARN_NON_LITERAL_NULL_CONVERSION = YES;
				CLANG_WARN_OBJC_IMPLICIT_RETAIN_SELF = YES;
				CLANG_WARN_OBJC_LITERAL_CONVERSION = YES;
				CLANG_WARN_OBJC_ROOT_CLASS = YES_ERROR;
				CLANG_WARN_QUOTED_INCLUDE_IN_FRAMEWORK_HEADER = YES;
				CLANG_WARN_RANGE_LOOP_ANALYSIS = YES;
				CLANG_WARN_STRICT_PROTOTYPES = YES;
				CLANG_WARN_SUSPICIOUS_MOVE = YES;
				CLANG_WARN_UNGUARDED_AVAILABILITY = YES_AGGRESSIVE;
				CLANG_WARN_UNREACHABLE_CODE = YES;
				CLANG_WARN__DUPLICATE_METHOD_MATCH = YES;
				COPY_PHASE_STRIP = NO;
				DEBUG_INFORMATION_FORMAT = "dwarf-with-dsym";
				ENABLE_NS_ASSERTIONS = NO;
				ENABLE_STRICT_OBJC_MSGSEND = YES;
				ENABLE_USER_SCRIPT_SANDBOXING = YES;
				GCC_C_LANGUAGE_STANDARD = gnu17;
				GCC_NO_COMMON_BLOCKS = YES;
				GCC_WARN_64_TO_32_BIT_CONVERSION = YES;
				GCC_WARN_ABOUT_RETURN_TYPE = YES_ERROR;
				GCC_WARN_UNDECLARED_SELECTOR = YES;
				GCC_WARN_UNINITIALIZED_AUTOS = YES_AGGRESSIVE;
				GCC_WARN_UNUSED_FUNCTION = YES;
				GCC_WARN_UNUSED_VARIABLE = YES;
				IPHONEOS_DEPLOYMENT_TARGET = 18.1;
				LOCALIZATION_PREFERS_STRING_CATALOGS = YES;
				MTL_ENABLE_DEBUG_INFO = NO;
				MTL_FAST_MATH = YES;
				SDKROOT = iphoneos;
				SWIFT_COMPILATION_MODE = wholemodule;
				SWIFT_EMIT_LOC_STRINGS = YES;
				VALIDATE_PRODUCT = YES;
			};
			name = Release;
		};
		DE8AF7FD2CF8C84900B8EBBC /* Debug */ = {
			isa = XCBuildConfiguration;
			buildSettings = {
				ASSETCATALOG_COMPILER_APPICON_NAME = AppIcon;
				ASSETCATALOG_COMPILER_GLOBAL_ACCENT_COLOR_NAME = AccentColor;
				CODE_SIGN_STYLE = Automatic;
				CURRENT_PROJECT_VERSION = 7;
				DEVELOPMENT_ASSET_PATHS = "\"LearnWord/.Preview Content\"";
				DEVELOPMENT_TEAM = 4YR7J38EGN;
				ENABLE_PREVIEWS = YES;
				GENERATE_INFOPLIST_FILE = YES;
				INFOPLIST_FILE = LearnWord/Info.plist;
				INFOPLIST_KEY_LSApplicationCategoryType = "public.app-category.education";
				INFOPLIST_KEY_UIApplicationSceneManifest_Generation = YES;
				INFOPLIST_KEY_UIApplicationSupportsIndirectInputEvents = YES;
				INFOPLIST_KEY_UILaunchScreen_Generation = YES;
				INFOPLIST_KEY_UISupportedInterfaceOrientations = "UIInterfaceOrientationLandscapeLeft UIInterfaceOrientationLandscapeRight UIInterfaceOrientationPortrait";
				INFOPLIST_KEY_UISupportedInterfaceOrientations_iPad = "UIInterfaceOrientationLandscapeLeft UIInterfaceOrientationLandscapeRight UIInterfaceOrientationPortrait UIInterfaceOrientationPortraitUpsideDown";
				IPHONEOS_DEPLOYMENT_TARGET = 17.0;
				LD_RUNPATH_SEARCH_PATHS = (
					"$(inherited)",
					"@executable_path/Frameworks",
				);
				MARKETING_VERSION = 1.07;
				PRODUCT_BUNDLE_IDENTIFIER = com.rftbyr.LearnWord;
				PRODUCT_NAME = "$(TARGET_NAME)";
				SWIFT_EMIT_LOC_STRINGS = YES;
				SWIFT_VERSION = 5.0;
				TARGETED_DEVICE_FAMILY = "1,2";
			};
			name = Debug;
		};
		DE8AF7FE2CF8C84900B8EBBC /* Release */ = {
			isa = XCBuildConfiguration;
			buildSettings = {
				ASSETCATALOG_COMPILER_APPICON_NAME = AppIcon;
				ASSETCATALOG_COMPILER_GLOBAL_ACCENT_COLOR_NAME = AccentColor;
				CODE_SIGN_STYLE = Automatic;
				CURRENT_PROJECT_VERSION = 7;
				DEVELOPMENT_ASSET_PATHS = "\"LearnWord/.Preview Content\"";
				DEVELOPMENT_TEAM = 4YR7J38EGN;
				ENABLE_PREVIEWS = YES;
				GENERATE_INFOPLIST_FILE = YES;
				INFOPLIST_FILE = LearnWord/Info.plist;
				INFOPLIST_KEY_LSApplicationCategoryType = "public.app-category.education";
				INFOPLIST_KEY_UIApplicationSceneManifest_Generation = YES;
				INFOPLIST_KEY_UIApplicationSupportsIndirectInputEvents = YES;
				INFOPLIST_KEY_UILaunchScreen_Generation = YES;
				INFOPLIST_KEY_UISupportedInterfaceOrientations = "UIInterfaceOrientationLandscapeLeft UIInterfaceOrientationLandscapeRight UIInterfaceOrientationPortrait";
				INFOPLIST_KEY_UISupportedInterfaceOrientations_iPad = "UIInterfaceOrientationLandscapeLeft UIInterfaceOrientationLandscapeRight UIInterfaceOrientationPortrait UIInterfaceOrientationPortraitUpsideDown";
				IPHONEOS_DEPLOYMENT_TARGET = 17.0;
				LD_RUNPATH_SEARCH_PATHS = (
					"$(inherited)",
					"@executable_path/Frameworks",
				);
				MARKETING_VERSION = 1.07;
				PRODUCT_BUNDLE_IDENTIFIER = com.rftbyr.LearnWord;
				PRODUCT_NAME = "$(TARGET_NAME)";
				SWIFT_EMIT_LOC_STRINGS = YES;
				SWIFT_VERSION = 5.0;
				TARGETED_DEVICE_FAMILY = "1,2";
			};
			name = Release;
		};
/* End XCBuildConfiguration section */

/* Begin XCConfigurationList section */
		DE8AF7E92CF8C84700B8EBBC /* Build configuration list for PBXProject "LearnWord" */ = {
			isa = XCConfigurationList;
			buildConfigurations = (
				DE8AF7FA2CF8C84900B8EBBC /* Debug */,
				DE8AF7FB2CF8C84900B8EBBC /* Release */,
			);
			defaultConfigurationIsVisible = 0;
			defaultConfigurationName = Release;
		};
		DE8AF7FC2CF8C84900B8EBBC /* Build configuration list for PBXNativeTarget "LearnWord" */ = {
			isa = XCConfigurationList;
			buildConfigurations = (
				DE8AF7FD2CF8C84900B8EBBC /* Debug */,
				DE8AF7FE2CF8C84900B8EBBC /* Release */,
			);
			defaultConfigurationIsVisible = 0;
			defaultConfigurationName = Release;
		};
/* End XCConfigurationList section */
	};
	rootObject = DE8AF7E62CF8C84700B8EBBC /* Project object */;
}
